// !$*UTF8*$!
{
	archiveVersion = 1;
	classes = {
	};
	objectVersion = 55;
	objects = {

/* Begin PBXBuildFile section */
		07992CCE27B8F3B30071C5CA /* AppDelegate.swift in Sources */ = {isa = PBXBuildFile; fileRef = 07992CCD27B8F3B30071C5CA /* AppDelegate.swift */; };
		07992CD027B8F3B30071C5CA /* SceneDelegate.swift in Sources */ = {isa = PBXBuildFile; fileRef = 07992CCF27B8F3B30071C5CA /* SceneDelegate.swift */; };
		07992CD227B8F3B30071C5CA /* ViewController.swift in Sources */ = {isa = PBXBuildFile; fileRef = 07992CD127B8F3B30071C5CA /* ViewController.swift */; };
		07992CD527B8F3B30071C5CA /* Main.storyboard in Resources */ = {isa = PBXBuildFile; fileRef = 07992CD327B8F3B30071C5CA /* Main.storyboard */; };
		07992CD727B8F3B50071C5CA /* Assets.xcassets in Resources */ = {isa = PBXBuildFile; fileRef = 07992CD627B8F3B50071C5CA /* Assets.xcassets */; };
		07992CDA27B8F3B50071C5CA /* LaunchScreen.storyboard in Resources */ = {isa = PBXBuildFile; fileRef = 07992CD827B8F3B50071C5CA /* LaunchScreen.storyboard */; };
		07992CE327B8F4B50071C5CA /* listTVCell.swift in Sources */ = {isa = PBXBuildFile; fileRef = 07992CE127B8F4B50071C5CA /* listTVCell.swift */; };
		07992CE427B8F4B50071C5CA /* listTVCell.xib in Resources */ = {isa = PBXBuildFile; fileRef = 07992CE227B8F4B50071C5CA /* listTVCell.xib */; };
		07992CE727B8F64F0071C5CA /* listImageCVCell.swift in Sources */ = {isa = PBXBuildFile; fileRef = 07992CE527B8F64F0071C5CA /* listImageCVCell.swift */; };
		07992CE827B8F64F0071C5CA /* listImageCVCell.xib in Resources */ = {isa = PBXBuildFile; fileRef = 07992CE627B8F64F0071C5CA /* listImageCVCell.xib */; };
/* End PBXBuildFile section */

/* Begin PBXFileReference section */
		07992CCA27B8F3B30071C5CA /* CVInsideTV.app */ = {isa = PBXFileReference; explicitFileType = wrapper.application; includeInIndex = 0; path = CVInsideTV.app; sourceTree = BUILT_PRODUCTS_DIR; };
		07992CCD27B8F3B30071C5CA /* AppDelegate.swift */ = {isa = PBXFileReference; lastKnownFileType = sourcecode.swift; path = AppDelegate.swift; sourceTree = "<group>"; };
		07992CCF27B8F3B30071C5CA /* SceneDelegate.swift */ = {isa = PBXFileReference; lastKnownFileType = sourcecode.swift; path = SceneDelegate.swift; sourceTree = "<group>"; };
		07992CD127B8F3B30071C5CA /* ViewController.swift */ = {isa = PBXFileReference; lastKnownFileType = sourcecode.swift; path = ViewController.swift; sourceTree = "<group>"; };
		07992CD427B8F3B30071C5CA /* Base */ = {isa = PBXFileReference; lastKnownFileType = file.storyboard; name = Base; path = Base.lproj/Main.storyboard; sourceTree = "<group>"; };
		07992CD627B8F3B50071C5CA /* Assets.xcassets */ = {isa = PBXFileReference; lastKnownFileType = folder.assetcatalog; path = Assets.xcassets; sourceTree = "<group>"; };
		07992CD927B8F3B50071C5CA /* Base */ = {isa = PBXFileReference; lastKnownFileType = file.storyboard; name = Base; path = Base.lproj/LaunchScreen.storyboard; sourceTree = "<group>"; };
		07992CDB27B8F3B50071C5CA /* Info.plist */ = {isa = PBXFileReference; lastKnownFileType = text.plist.xml; path = Info.plist; sourceTree = "<group>"; };
		07992CE127B8F4B50071C5CA /* listTVCell.swift */ = {isa = PBXFileReference; lastKnownFileType = sourcecode.swift; path = listTVCell.swift; sourceTree = "<group>"; };
		07992CE227B8F4B50071C5CA /* listTVCell.xib */ = {isa = PBXFileReference; lastKnownFileType = file.xib; path = listTVCell.xib; sourceTree = "<group>"; };
		07992CE527B8F64F0071C5CA /* listImageCVCell.swift */ = {isa = PBXFileReference; lastKnownFileType = sourcecode.swift; path = listImageCVCell.swift; sourceTree = "<group>"; };
		07992CE627B8F64F0071C5CA /* listImageCVCell.xib */ = {isa = PBXFileReference; lastKnownFileType = file.xib; path = listImageCVCell.xib; sourceTree = "<group>"; };
/* End PBXFileReference section */

/* Begin PBXFrameworksBuildPhase section */
		07992CC727B8F3B30071C5CA /* Frameworks */ = {
			isa = PBXFrameworksBuildPhase;
			buildActionMask = 2147483647;
			files = (
			);
			runOnlyForDeploymentPostprocessing = 0;
		};
/* End PBXFrameworksBuildPhase section */

/* Begin PBXGroup section */
		07992CC127B8F3B30071C5CA = {
			isa = PBXGroup;
			children = (
				07992CCC27B8F3B30071C5CA /* CVInsideTV */,
				07992CCB27B8F3B30071C5CA /* Products */,
			);
			sourceTree = "<group>";
		};
		07992CCB27B8F3B30071C5CA /* Products */ = {
			isa = PBXGroup;
			children = (
				07992CCA27B8F3B30071C5CA /* CVInsideTV.app */,
			);
			name = Products;
			sourceTree = "<group>";
		};
		07992CCC27B8F3B30071C5CA /* CVInsideTV */ = {
			isa = PBXGroup;
			children = (
				07992CCD27B8F3B30071C5CA /* AppDelegate.swift */,
				07992CCF27B8F3B30071C5CA /* SceneDelegate.swift */,
				07992CD127B8F3B30071C5CA /* ViewController.swift */,
				07992CE127B8F4B50071C5CA /* listTVCell.swift */,
				07992CE227B8F4B50071C5CA /* listTVCell.xib */,
				07992CE527B8F64F0071C5CA /* listImageCVCell.swift */,
				07992CE627B8F64F0071C5CA /* listImageCVCell.xib */,
				07992CD327B8F3B30071C5CA /* Main.storyboard */,
				07992CD627B8F3B50071C5CA /* Assets.xcassets */,
				07992CD827B8F3B50071C5CA /* LaunchScreen.storyboard */,
				07992CDB27B8F3B50071C5CA /* Info.plist */,
			);
			path = CVInsideTV;
			sourceTree = "<group>";
		};
/* End PBXGroup section */

/* Begin PBXNativeTarget section */
		07992CC927B8F3B30071C5CA /* CVInsideTV */ = {
			isa = PBXNativeTarget;
			buildConfigurationList = 07992CDE27B8F3B50071C5CA /* Build configuration list for PBXNativeTarget "CVInsideTV" */;
			buildPhases = (
				07992CC627B8F3B30071C5CA /* Sources */,
				07992CC727B8F3B30071C5CA /* Frameworks */,
				07992CC827B8F3B30071C5CA /* Resources */,
			);
			buildRules = (
			);
			dependencies = (
			);
			name = CVInsideTV;
			productName = CVInsideTV;
			productReference = 07992CCA27B8F3B30071C5CA /* CVInsideTV.app */;
			productType = "com.apple.product-type.application";
		};
/* End PBXNativeTarget section */

/* Begin PBXProject section */
		07992CC227B8F3B30071C5CA /* Project object */ = {
			isa = PBXProject;
			attributes = {
				BuildIndependentTargetsInParallel = 1;
				LastSwiftUpdateCheck = 1320;
				LastUpgradeCheck = 1320;
				TargetAttributes = {
					07992CC927B8F3B30071C5CA = {
						CreatedOnToolsVersion = 13.2.1;
					};
				};
			};
			buildConfigurationList = 07992CC527B8F3B30071C5CA /* Build configuration list for PBXProject "CVInsideTV" */;
			compatibilityVersion = "Xcode 13.0";
			developmentRegion = en;
			hasScannedForEncodings = 0;
			knownRegions = (
				en,
				Base,
			);
			mainGroup = 07992CC127B8F3B30071C5CA;
			productRefGroup = 07992CCB27B8F3B30071C5CA /* Products */;
			projectDirPath = "";
			projectRoot = "";
			targets = (
				07992CC927B8F3B30071C5CA /* CVInsideTV */,
			);
		};
/* End PBXProject section */

/* Begin PBXResourcesBuildPhase section */
		07992CC827B8F3B30071C5CA /* Resources */ = {
			isa = PBXResourcesBuildPhase;
			buildActionMask = 2147483647;
			files = (
				07992CDA27B8F3B50071C5CA /* LaunchScreen.storyboard in Resources */,
				07992CE827B8F64F0071C5CA /* listImageCVCell.xib in Resources */,
				07992CE427B8F4B50071C5CA /* listTVCell.xib in Resources */,
				07992CD727B8F3B50071C5CA /* Assets.xcassets in Resources */,
				07992CD527B8F3B30071C5CA /* Main.storyboard in Resources */,
			);
			runOnlyForDeploymentPostprocessing = 0;
		};
/* End PBXResourcesBuildPhase section */

/* Begin PBXSourcesBuildPhase section */
		07992CC627B8F3B30071C5CA /* Sources */ = {
			isa = PBXSourcesBuildPhase;
			buildActionMask = 2147483647;
			files = (
				07992CD227B8F3B30071C5CA /* ViewController.swift in Sources */,
				07992CE327B8F4B50071C5CA /* listTVCell.swift in Sources */,
				07992CCE27B8F3B30071C5CA /* AppDelegate.swift in Sources */,
				07992CE727B8F64F0071C5CA /* listImageCVCell.swift in Sources */,
				07992CD027B8F3B30071C5CA /* SceneDelegate.swift in Sources */,
			);
			runOnlyForDeploymentPostprocessing = 0;
		};
/* End PBXSourcesBuildPhase section */

/* Begin PBXVariantGroup section */
		07992CD327B8F3B30071C5CA /* Main.storyboard */ = {
			isa = PBXVariantGroup;
			children = (
				07992CD427B8F3B30071C5CA /* Base */,
			);
			name = Main.storyboard;
			sourceTree = "<group>";
		};
		07992CD827B8F3B50071C5CA /* LaunchScreen.storyboard */ = {
			isa = PBXVariantGroup;
			children = (
				07992CD927B8F3B50071C5CA /* Base */,
			);
			name = LaunchScreen.storyboard;
			sourceTree = "<group>";
		};
/* End PBXVariantGroup section */

/* Begin XCBuildConfiguration section */
		07992CDC27B8F3B50071C5CA /* Debug */ = {
			isa = XCBuildConfiguration;
			buildSettings = {
				ALWAYS_SEARCH_USER_PATHS = NO;
				CLANG_ANALYZER_NONNULL = YES;
				CLANG_ANALYZER_NUMBER_OBJECT_CONVERSION = YES_AGGRESSIVE;
				CLANG_CXX_LANGUAGE_STANDARD = "gnu++17";
				CLANG_CXX_LIBRARY = "libc++";
				CLANG_ENABLE_MODULES = YES;
				CLANG_ENABLE_OBJC_ARC = YES;
				CLANG_ENABLE_OBJC_WEAK = YES;
				CLANG_WARN_BLOCK_CAPTURE_AUTORELEASING = YES;
				CLANG_WARN_BOOL_CONVERSION = YES;
				CLANG_WARN_COMMA = YES;
				CLANG_WARN_CONSTANT_CONVERSION = YES;
				CLANG_WARN_DEPRECATED_OBJC_IMPLEMENTATIONS = YES;
				CLANG_WARN_DIRECT_OBJC_ISA_USAGE = YES_ERROR;
				CLANG_WARN_DOCUMENTATION_COMMENTS = YES;
				CLANG_WARN_EMPTY_BODY = YES;
				CLANG_WARN_ENUM_CONVERSION = YES;
				CLANG_WARN_INFINITE_RECURSION = YES;
				CLANG_WARN_INT_CONVERSION = YES;
				CLANG_WARN_NON_LITERAL_NULL_CONVERSION = YES;
				CLANG_WARN_OBJC_IMPLICIT_RETAIN_SELF = YES;
				CLANG_WARN_OBJC_LITERAL_CONVERSION = YES;
				CLANG_WARN_OBJC_ROOT_CLASS = YES_ERROR;
				CLANG_WARN_QUOTED_INCLUDE_IN_FRAMEWORK_HEADER = YES;
				CLANG_WARN_RANGE_LOOP_ANALYSIS = YES;
				CLANG_WARN_STRICT_PROTOTYPES = YES;
				CLANG_WARN_SUSPICIOUS_MOVE = YES;
				CLANG_WARN_UNGUARDED_AVAILABILITY = YES_AGGRESSIVE;
				CLANG_WARN_UNREACHABLE_CODE = YES;
				CLANG_WARN__DUPLICATE_METHOD_MATCH = YES;
				COPY_PHASE_STRIP = NO;
				DEBUG_INFORMATION_FORMAT = dwarf;
				ENABLE_STRICT_OBJC_MSGSEND = YES;
				ENABLE_TESTABILITY = YES;
				GCC_C_LANGUAGE_STANDARD = gnu11;
				GCC_DYNAMIC_NO_PIC = NO;
				GCC_NO_COMMON_BLOCKS = YES;
				GCC_OPTIMIZATION_LEVEL = 0;
				GCC_PREPROCESSOR_DEFINITIONS = (
					"DEBUG=1",
					"$(inherited)",
				);
				GCC_WARN_64_TO_32_BIT_CONVERSION = YES;
				GCC_WARN_ABOUT_RETURN_TYPE = YES_ERROR;
				GCC_WARN_UNDECLARED_SELECTOR = YES;
				GCC_WARN_UNINITIALIZED_AUTOS = YES_AGGRESSIVE;
				GCC_WARN_UNUSED_FUNCTION = YES;
				GCC_WARN_UNUSED_VARIABLE = YES;
				IPHONEOS_DEPLOYMENT_TARGET = 15.2;
				MTL_ENABLE_DEBUG_INFO = INCLUDE_SOURCE;
				MTL_FAST_MATH = YES;
				ONLY_ACTIVE_ARCH = YES;
				SDKROOT = iphoneos;
				SWIFT_ACTIVE_COMPILATION_CONDITIONS = DEBUG;
				SWIFT_OPTIMIZATION_LEVEL = "-Onone";
			};
			name = Debug;
		};
		07992CDD27B8F3B50071C5CA /* Release */ = {
			isa = XCBuildConfiguration;
			buildSettings = {
				ALWAYS_SEARCH_USER_PATHS = NO;
				CLANG_ANALYZER_NONNULL = YES;
				CLANG_ANALYZER_NUMBER_OBJECT_CONVERSION = YES_AGGRESSIVE;
				CLANG_CXX_LANGUAGE_STANDARD = "gnu++17";
				CLANG_CXX_LIBRARY = "libc++";
				CLANG_ENABLE_MODULES = YES;
				CLANG_ENABLE_OBJC_ARC = YES;
				CLANG_ENABLE_OBJC_WEAK = YES;
				CLANG_WARN_BLOCK_CAPTURE_AUTORELEASING = YES;
				CLANG_WARN_BOOL_CONVERSION = YES;
				CLANG_WARN_COMMA = YES;
				CLANG_WARN_CONSTANT_CONVERSION = YES;
				CLANG_WARN_DEPRECATED_OBJC_IMPLEMENTATIONS = YES;
				CLANG_WARN_DIRECT_OBJC_ISA_USAGE = YES_ERROR;
				CLANG_WARN_DOCUMENTATION_COMMENTS = YES;
				CLANG_WARN_EMPTY_BODY = YES;
				CLANG_WARN_ENUM_CONVERSION = YES;
				CLANG_WARN_INFINITE_RECURSION = YES;
				CLANG_WARN_INT_CONVERSION = YES;
				CLANG_WARN_NON_LITERAL_NULL_CONVERSION = YES;
				CLANG_WARN_OBJC_IMPLICIT_RETAIN_SELF = YES;
				CLANG_WARN_OBJC_LITERAL_CONVERSION = YES;
				CLANG_WARN_OBJC_ROOT_CLASS = YES_ERROR;
				CLANG_WARN_QUOTED_INCLUDE_IN_FRAMEWORK_HEADER = YES;
				CLANG_WARN_RANGE_LOOP_ANALYSIS = YES;
				CLANG_WARN_STRICT_PROTOTYPES = YES;
				CLANG_WARN_SUSPICIOUS_MOVE = YES;
				CLANG_WARN_UNGUARDED_AVAILABILITY = YES_AGGRESSIVE;
				CLANG_WARN_UNREACHABLE_CODE = YES;
				CLANG_WARN__DUPLICATE_METHOD_MATCH = YES;
				COPY_PHASE_STRIP = NO;
				DEBUG_INFORMATION_FORMAT = "dwarf-with-dsym";
				ENABLE_NS_ASSERTIONS = NO;
				ENABLE_STRICT_OBJC_MSGSEND = YES;
				GCC_C_LANGUAGE_STANDARD = gnu11;
				GCC_NO_COMMON_BLOCKS = YES;
				GCC_WARN_64_TO_32_BIT_CONVERSION = YES;
				GCC_WARN_ABOUT_RETURN_TYPE = YES_ERROR;
				GCC_WARN_UNDECLARED_SELECTOR = YES;
				GCC_WARN_UNINITIALIZED_AUTOS = YES_AGGRESSIVE;
				GCC_WARN_UNUSED_FUNCTION = YES;
				GCC_WARN_UNUSED_VARIABLE = YES;
				IPHONEOS_DEPLOYMENT_TARGET = 15.2;
				MTL_ENABLE_DEBUG_INFO = NO;
				MTL_FAST_MATH = YES;
				SDKROOT = iphoneos;
				SWIFT_COMPILATION_MODE = wholemodule;
				SWIFT_OPTIMIZATION_LEVEL = "-O";
				VALIDATE_PRODUCT = YES;
			};
			name = Release;
		};
		07992CDF27B8F3B50071C5CA /* Debug */ = {
			isa = XCBuildConfiguration;
			buildSettings = {
				ASSETCATALOG_COMPILER_APPICON_NAME = AppIcon;
				ASSETCATALOG_COMPILER_GLOBAL_ACCENT_COLOR_NAME = AccentColor;
				CODE_SIGN_STYLE = Automatic;
				CURRENT_PROJECT_VERSION = 1;
				DEVELOPMENT_TEAM = QT6R94UDXV;
				GENERATE_INFOPLIST_FILE = YES;
				INFOPLIST_FILE = CVInsideTV/Info.plist;
				INFOPLIST_KEY_UIApplicationSupportsIndirectInputEvents = YES;
				INFOPLIST_KEY_UILaunchStoryboardName = LaunchScreen;
				INFOPLIST_KEY_UIMainStoryboardFile = Main;
				INFOPLIST_KEY_UISupportedInterfaceOrientations_iPad = "UIInterfaceOrientationPortrait UIInterfaceOrientationPortraitUpsideDown UIInterfaceOrientationLandscapeLeft UIInterfaceOrientationLandscapeRight";
				INFOPLIST_KEY_UISupportedInterfaceOrientations_iPhone = "UIInterfaceOrientationPortrait UIInterfaceOrientationLandscapeLeft UIInterfaceOrientationLandscapeRight";
				LD_RUNPATH_SEARCH_PATHS = (
					"$(inherited)",
					"@executable_path/Frameworks",
				);
				MARKETING_VERSION = 1.0;
				PRODUCT_BUNDLE_IDENTIFIER = com.example.CVInsideTV;
				PRODUCT_NAME = "$(TARGET_NAME)";
				SWIFT_EMIT_LOC_STRINGS = YES;
				SWIFT_VERSION = 5.0;
				TARGETED_DEVICE_FAMILY = "1,2";
			};
			name = Debug;
		};
		07992CE027B8F3B50071C5CA /* Release */ = {
			isa = XCBuildConfiguration;
			buildSettings = {
				ASSETCATALOG_COMPILER_APPICON_NAME = AppIcon;
				ASSETCATALOG_COMPILER_GLOBAL_ACCENT_COLOR_NAME = AccentColor;
				CODE_SIGN_STYLE = Automatic;
				CURRENT_PROJECT_VERSION = 1;
				DEVELOPMENT_TEAM = QT6R94UDXV;
				GENERATE_INFOPLIST_FILE = YES;
				INFOPLIST_FILE = CVInsideTV/Info.plist;
				INFOPLIST_KEY_UIApplicationSupportsIndirectInputEvents = YES;
				INFOPLIST_KEY_UILaunchStoryboardName = LaunchScreen;
				INFOPLIST_KEY_UIMainStoryboardFile = Main;
				INFOPLIST_KEY_UISupportedInterfaceOrientations_iPad = "UIInterfaceOrientationPortrait UIInterfaceOrientationPortraitUpsideDown UIInterfaceOrientationLandscapeLeft UIInterfaceOrientationLandscapeRight";
				INFOPLIST_KEY_UISupportedInterfaceOrientations_iPhone = "UIInterfaceOrientationPortrait UIInterfaceOrientationLandscapeLeft UIInterfaceOrientationLandscapeRight";
				LD_RUNPATH_SEARCH_PATHS = (
					"$(inherited)",
					"@executable_path/Frameworks",
				);
				MARKETING_VERSION = 1.0;
				PRODUCT_BUNDLE_IDENTIFIER = com.example.CVInsideTV;
				PRODUCT_NAME = "$(TARGET_NAME)";
				SWIFT_EMIT_LOC_STRINGS = YES;
				SWIFT_VERSION = 5.0;
				TARGETED_DEVICE_FAMILY = "1,2";
			};
			name = Release;
		};
/* End XCBuildConfiguration section */

/* Begin XCConfigurationList section */
		07992CC527B8F3B30071C5CA /* Build configuration list for PBXProject "CVInsideTV" */ = {
			isa = XCConfigurationList;
			buildConfigurations = (
				07992CDC27B8F3B50071C5CA /* Debug */,
				07992CDD27B8F3B50071C5CA /* Release */,
			);
			defaultConfigurationIsVisible = 0;
			defaultConfigurationName = Release;
		};
		07992CDE27B8F3B50071C5CA /* Build configuration list for PBXNativeTarget "CVInsideTV" */ = {
			isa = XCConfigurationList;
			buildConfigurations = (
				07992CDF27B8F3B50071C5CA /* Debug */,
				07992CE027B8F3B50071C5CA /* Release */,
			);
			defaultConfigurationIsVisible = 0;
			defaultConfigurationName = Release;
		};
/* End XCConfigurationList section */
	};
	rootObject = 07992CC227B8F3B30071C5CA /* Project object */;
}
