// !$*UTF8*$!
{
	archiveVersion = 1;
	classes = {
	};
	objectVersion = 55;
	objects = {

/* Begin PBXBuildFile section */
		0734CAD727A04CC0005C3C2E /* UIView+Extension.swift in Sources */ = {isa = PBXBuildFile; fileRef = 0734CAD627A04CC0005C3C2E /* UIView+Extension.swift */; };
		0734CAD927A04D9C005C3C2E /* OnboardingSlide.swift in Sources */ = {isa = PBXBuildFile; fileRef = 0734CAD827A04D9C005C3C2E /* OnboardingSlide.swift */; };
		0734CADB27A0558F005C3C2E /* OnboardingCVCell.swift in Sources */ = {isa = PBXBuildFile; fileRef = 0734CADA27A0558F005C3C2E /* OnboardingCVCell.swift */; };
		0734CADE27A06150005C3C2E /* HomeVC.swift in Sources */ = {isa = PBXBuildFile; fileRef = 0734CADD27A06150005C3C2E /* HomeVC.swift */; };
		0734CAE327A06524005C3C2E /* CategoryCVCell.swift in Sources */ = {isa = PBXBuildFile; fileRef = 0734CAE127A06524005C3C2E /* CategoryCVCell.swift */; };
		0734CAE427A06524005C3C2E /* CategoryCVCell.xib in Resources */ = {isa = PBXBuildFile; fileRef = 0734CAE227A06524005C3C2E /* CategoryCVCell.xib */; };
		0734CAE627A0661E005C3C2E /* DishCategory.swift in Sources */ = {isa = PBXBuildFile; fileRef = 0734CAE527A0661E005C3C2E /* DishCategory.swift */; };
		0734CAE827A066A3005C3C2E /* String+Extension.swift in Sources */ = {isa = PBXBuildFile; fileRef = 0734CAE727A066A3005C3C2E /* String+Extension.swift */; };
		0734CAEB27A068B2005C3C2E /* CardView.swift in Sources */ = {isa = PBXBuildFile; fileRef = 0734CAEA27A068B2005C3C2E /* CardView.swift */; };
		0734CAEF27A07352005C3C2E /* DishesCVCell.swift in Sources */ = {isa = PBXBuildFile; fileRef = 0734CAED27A07352005C3C2E /* DishesCVCell.swift */; };
		0734CAF027A07352005C3C2E /* DishesCVCell.xib in Resources */ = {isa = PBXBuildFile; fileRef = 0734CAEE27A07352005C3C2E /* DishesCVCell.xib */; };
		0734CAF227A07598005C3C2E /* Dish.swift in Sources */ = {isa = PBXBuildFile; fileRef = 0734CAF127A07598005C3C2E /* Dish.swift */; };
		0734CAF627A07C38005C3C2E /* ChefsCVCell.swift in Sources */ = {isa = PBXBuildFile; fileRef = 0734CAF427A07C38005C3C2E /* ChefsCVCell.swift */; };
		0734CAF727A07C38005C3C2E /* ChefsCVCell.xib in Resources */ = {isa = PBXBuildFile; fileRef = 0734CAF527A07C38005C3C2E /* ChefsCVCell.xib */; };
		074A93AC27AE505D0014C581 /* DishDetailedVC.swift in Sources */ = {isa = PBXBuildFile; fileRef = 074A93AB27AE505D0014C581 /* DishDetailedVC.swift */; };
		074A93AE27AE51F00014C581 /* UIViewController+Extension.swift in Sources */ = {isa = PBXBuildFile; fileRef = 074A93AD27AE51F00014C581 /* UIViewController+Extension.swift */; };
		074A93B327AE5AAF0014C581 /* DishListTVCell.swift in Sources */ = {isa = PBXBuildFile; fileRef = 074A93B127AE5AAF0014C581 /* DishListTVCell.swift */; };
		074A93B427AE5AAF0014C581 /* DishListTVCell.xib in Resources */ = {isa = PBXBuildFile; fileRef = 074A93B227AE5AAF0014C581 /* DishListTVCell.xib */; };
		074A93B727AE5EB60014C581 /* CategoryListVC.swift in Sources */ = {isa = PBXBuildFile; fileRef = 074A93B627AE5EB60014C581 /* CategoryListVC.swift */; };
		074A93B927AE650E0014C581 /* OrderListVC.swift in Sources */ = {isa = PBXBuildFile; fileRef = 074A93B827AE650E0014C581 /* OrderListVC.swift */; };
		074A93BC27AE65D20014C581 /* Order.swift in Sources */ = {isa = PBXBuildFile; fileRef = 074A93BB27AE65D20014C581 /* Order.swift */; };
		074A93BF27AE6EB00014C581 /* NetworkService.swift in Sources */ = {isa = PBXBuildFile; fileRef = 074A93BE27AE6EB00014C581 /* NetworkService.swift */; };
		074A93C127AE71E50014C581 /* Methods.swift in Sources */ = {isa = PBXBuildFile; fileRef = 074A93C027AE71E50014C581 /* Methods.swift */; };
		074A93C327AE72360014C581 /* Route.swift in Sources */ = {isa = PBXBuildFile; fileRef = 074A93C227AE72360014C581 /* Route.swift */; };
		074A93C527AE7BD50014C581 /* AppError.swift in Sources */ = {isa = PBXBuildFile; fileRef = 074A93C427AE7BD50014C581 /* AppError.swift */; };
		079D3FBC27A03BE9007EFD37 /* AppDelegate.swift in Sources */ = {isa = PBXBuildFile; fileRef = 079D3FBB27A03BE9007EFD37 /* AppDelegate.swift */; };
		079D3FBE27A03BE9007EFD37 /* SceneDelegate.swift in Sources */ = {isa = PBXBuildFile; fileRef = 079D3FBD27A03BE9007EFD37 /* SceneDelegate.swift */; };
		079D3FC027A03BE9007EFD37 /* OnboardingVC.swift in Sources */ = {isa = PBXBuildFile; fileRef = 079D3FBF27A03BE9007EFD37 /* OnboardingVC.swift */; };
		079D3FC327A03BE9007EFD37 /* Main.storyboard in Resources */ = {isa = PBXBuildFile; fileRef = 079D3FC127A03BE9007EFD37 /* Main.storyboard */; };
		079D3FC527A03BEE007EFD37 /* Assets.xcassets in Resources */ = {isa = PBXBuildFile; fileRef = 079D3FC427A03BEE007EFD37 /* Assets.xcassets */; };
		079D3FC827A03BEE007EFD37 /* LaunchScreen.storyboard in Resources */ = {isa = PBXBuildFile; fileRef = 079D3FC627A03BEE007EFD37 /* LaunchScreen.storyboard */; };
		565487585798BA2CE109BB17 /* Pods_Magic_Meal.framework in Frameworks */ = {isa = PBXBuildFile; fileRef = 9D53072E156DD9BB9AFA7F34 /* Pods_Magic_Meal.framework */; };
/* End PBXBuildFile section */

/* Begin PBXFileReference section */
		0734CAD627A04CC0005C3C2E /* UIView+Extension.swift */ = {isa = PBXFileReference; lastKnownFileType = sourcecode.swift; path = "UIView+Extension.swift"; sourceTree = "<group>"; };
		0734CAD827A04D9C005C3C2E /* OnboardingSlide.swift */ = {isa = PBXFileReference; lastKnownFileType = sourcecode.swift; path = OnboardingSlide.swift; sourceTree = "<group>"; };
		0734CADA27A0558F005C3C2E /* OnboardingCVCell.swift */ = {isa = PBXFileReference; lastKnownFileType = sourcecode.swift; path = OnboardingCVCell.swift; sourceTree = "<group>"; };
		0734CADD27A06150005C3C2E /* HomeVC.swift */ = {isa = PBXFileReference; lastKnownFileType = sourcecode.swift; path = HomeVC.swift; sourceTree = "<group>"; };
		0734CAE127A06524005C3C2E /* CategoryCVCell.swift */ = {isa = PBXFileReference; lastKnownFileType = sourcecode.swift; path = CategoryCVCell.swift; sourceTree = "<group>"; };
		0734CAE227A06524005C3C2E /* CategoryCVCell.xib */ = {isa = PBXFileReference; lastKnownFileType = file.xib; path = CategoryCVCell.xib; sourceTree = "<group>"; };
		0734CAE527A0661E005C3C2E /* DishCategory.swift */ = {isa = PBXFileReference; lastKnownFileType = sourcecode.swift; path = DishCategory.swift; sourceTree = "<group>"; };
		0734CAE727A066A3005C3C2E /* String+Extension.swift */ = {isa = PBXFileReference; lastKnownFileType = sourcecode.swift; path = "String+Extension.swift"; sourceTree = "<group>"; };
		0734CAEA27A068B2005C3C2E /* CardView.swift */ = {isa = PBXFileReference; lastKnownFileType = sourcecode.swift; path = CardView.swift; sourceTree = "<group>"; };
		0734CAED27A07352005C3C2E /* DishesCVCell.swift */ = {isa = PBXFileReference; lastKnownFileType = sourcecode.swift; path = DishesCVCell.swift; sourceTree = "<group>"; };
		0734CAEE27A07352005C3C2E /* DishesCVCell.xib */ = {isa = PBXFileReference; lastKnownFileType = file.xib; path = DishesCVCell.xib; sourceTree = "<group>"; };
		0734CAF127A07598005C3C2E /* Dish.swift */ = {isa = PBXFileReference; lastKnownFileType = sourcecode.swift; path = Dish.swift; sourceTree = "<group>"; };
		0734CAF427A07C38005C3C2E /* ChefsCVCell.swift */ = {isa = PBXFileReference; lastKnownFileType = sourcecode.swift; path = ChefsCVCell.swift; sourceTree = "<group>"; };
		0734CAF527A07C38005C3C2E /* ChefsCVCell.xib */ = {isa = PBXFileReference; lastKnownFileType = file.xib; path = ChefsCVCell.xib; sourceTree = "<group>"; };
		074A93AB27AE505D0014C581 /* DishDetailedVC.swift */ = {isa = PBXFileReference; lastKnownFileType = sourcecode.swift; path = DishDetailedVC.swift; sourceTree = "<group>"; };
		074A93AD27AE51F00014C581 /* UIViewController+Extension.swift */ = {isa = PBXFileReference; lastKnownFileType = sourcecode.swift; path = "UIViewController+Extension.swift"; sourceTree = "<group>"; };
		074A93B127AE5AAF0014C581 /* DishListTVCell.swift */ = {isa = PBXFileReference; lastKnownFileType = sourcecode.swift; path = DishListTVCell.swift; sourceTree = "<group>"; };
		074A93B227AE5AAF0014C581 /* DishListTVCell.xib */ = {isa = PBXFileReference; lastKnownFileType = file.xib; path = DishListTVCell.xib; sourceTree = "<group>"; };
		074A93B627AE5EB60014C581 /* CategoryListVC.swift */ = {isa = PBXFileReference; lastKnownFileType = sourcecode.swift; path = CategoryListVC.swift; sourceTree = "<group>"; };
		074A93B827AE650E0014C581 /* OrderListVC.swift */ = {isa = PBXFileReference; lastKnownFileType = sourcecode.swift; path = OrderListVC.swift; sourceTree = "<group>"; };
		074A93BB27AE65D20014C581 /* Order.swift */ = {isa = PBXFileReference; lastKnownFileType = sourcecode.swift; path = Order.swift; sourceTree = "<group>"; };
		074A93BE27AE6EB00014C581 /* NetworkService.swift */ = {isa = PBXFileReference; lastKnownFileType = sourcecode.swift; path = NetworkService.swift; sourceTree = "<group>"; };
		074A93C027AE71E50014C581 /* Methods.swift */ = {isa = PBXFileReference; lastKnownFileType = sourcecode.swift; path = Methods.swift; sourceTree = "<group>"; };
		074A93C227AE72360014C581 /* Route.swift */ = {isa = PBXFileReference; lastKnownFileType = sourcecode.swift; path = Route.swift; sourceTree = "<group>"; };
		074A93C427AE7BD50014C581 /* AppError.swift */ = {isa = PBXFileReference; lastKnownFileType = sourcecode.swift; path = AppError.swift; sourceTree = "<group>"; };
		079D3FB827A03BE9007EFD37 /* Magic Meal.app */ = {isa = PBXFileReference; explicitFileType = wrapper.application; includeInIndex = 0; path = "Magic Meal.app"; sourceTree = BUILT_PRODUCTS_DIR; };
		079D3FBB27A03BE9007EFD37 /* AppDelegate.swift */ = {isa = PBXFileReference; lastKnownFileType = sourcecode.swift; path = AppDelegate.swift; sourceTree = "<group>"; };
		079D3FBD27A03BE9007EFD37 /* SceneDelegate.swift */ = {isa = PBXFileReference; lastKnownFileType = sourcecode.swift; path = SceneDelegate.swift; sourceTree = "<group>"; };
		079D3FBF27A03BE9007EFD37 /* OnboardingVC.swift */ = {isa = PBXFileReference; lastKnownFileType = sourcecode.swift; path = OnboardingVC.swift; sourceTree = "<group>"; };
		079D3FC227A03BE9007EFD37 /* Base */ = {isa = PBXFileReference; lastKnownFileType = file.storyboard; name = Base; path = Base.lproj/Main.storyboard; sourceTree = "<group>"; };
		079D3FC427A03BEE007EFD37 /* Assets.xcassets */ = {isa = PBXFileReference; lastKnownFileType = folder.assetcatalog; path = Assets.xcassets; sourceTree = "<group>"; };
		079D3FC727A03BEE007EFD37 /* Base */ = {isa = PBXFileReference; lastKnownFileType = file.storyboard; name = Base; path = Base.lproj/LaunchScreen.storyboard; sourceTree = "<group>"; };
		079D3FC927A03BEE007EFD37 /* Info.plist */ = {isa = PBXFileReference; lastKnownFileType = text.plist.xml; path = Info.plist; sourceTree = "<group>"; };
		9D53072E156DD9BB9AFA7F34 /* Pods_Magic_Meal.framework */ = {isa = PBXFileReference; explicitFileType = wrapper.framework; includeInIndex = 0; path = Pods_Magic_Meal.framework; sourceTree = BUILT_PRODUCTS_DIR; };
		D5FFB8CB7C01DE7110554536 /* Pods-Magic Meal.debug.xcconfig */ = {isa = PBXFileReference; includeInIndex = 1; lastKnownFileType = text.xcconfig; name = "Pods-Magic Meal.debug.xcconfig"; path = "Target Support Files/Pods-Magic Meal/Pods-Magic Meal.debug.xcconfig"; sourceTree = "<group>"; };
		E2D57CD2769E38DE0A0991BC /* Pods-Magic Meal.release.xcconfig */ = {isa = PBXFileReference; includeInIndex = 1; lastKnownFileType = text.xcconfig; name = "Pods-Magic Meal.release.xcconfig"; path = "Target Support Files/Pods-Magic Meal/Pods-Magic Meal.release.xcconfig"; sourceTree = "<group>"; };
/* End PBXFileReference section */

/* Begin PBXFrameworksBuildPhase section */
		079D3FB527A03BE9007EFD37 /* Frameworks */ = {
			isa = PBXFrameworksBuildPhase;
			buildActionMask = 2147483647;
			files = (
				565487585798BA2CE109BB17 /* Pods_Magic_Meal.framework in Frameworks */,
			);
			runOnlyForDeploymentPostprocessing = 0;
		};
/* End PBXFrameworksBuildPhase section */

/* Begin PBXGroup section */
		0734CACE27A04BC3005C3C2E /* Models */ = {
			isa = PBXGroup;
			children = (
				0734CAD827A04D9C005C3C2E /* OnboardingSlide.swift */,
				0734CAE527A0661E005C3C2E /* DishCategory.swift */,
				0734CAF127A07598005C3C2E /* Dish.swift */,
				074A93BB27AE65D20014C581 /* Order.swift */,
			);
			path = Models;
			sourceTree = "<group>";
		};
		0734CACF27A04BCF005C3C2E /* Views */ = {
			isa = PBXGroup;
			children = (
				074A93BA27AE65160014C581 /* OrderList */,
				074A93B527AE5E630014C581 /* CategoryList */,
				074A93AA27AE50170014C581 /* DishFullDetails */,
				0734CADC27A06138005C3C2E /* Home */,
				0734CAD227A04BFC005C3C2E /* OnBoarding */,
			);
			path = Views;
			sourceTree = "<group>";
		};
		0734CAD127A04BEC005C3C2E /* CustomViews */ = {
			isa = PBXGroup;
			children = (
				074A93AF27AE5A730014C581 /* TableViewCells */,
				0734CAE927A0689D005C3C2E /* CardView */,
				0734CADF27A064D4005C3C2E /* CollectionViewCells */,
			);
			path = CustomViews;
			sourceTree = "<group>";
		};
		0734CAD227A04BFC005C3C2E /* OnBoarding */ = {
			isa = PBXGroup;
			children = (
				079D3FBF27A03BE9007EFD37 /* OnboardingVC.swift */,
				0734CADA27A0558F005C3C2E /* OnboardingCVCell.swift */,
			);
			path = OnBoarding;
			sourceTree = "<group>";
		};
		0734CAD527A04CA2005C3C2E /* Extensions */ = {
			isa = PBXGroup;
			children = (
				0734CAD627A04CC0005C3C2E /* UIView+Extension.swift */,
				0734CAE727A066A3005C3C2E /* String+Extension.swift */,
				074A93AD27AE51F00014C581 /* UIViewController+Extension.swift */,
			);
			path = Extensions;
			sourceTree = "<group>";
		};
		0734CADC27A06138005C3C2E /* Home */ = {
			isa = PBXGroup;
			children = (
				0734CADD27A06150005C3C2E /* HomeVC.swift */,
			);
			path = Home;
			sourceTree = "<group>";
		};
		0734CADF27A064D4005C3C2E /* CollectionViewCells */ = {
			isa = PBXGroup;
			children = (
				0734CAF327A07C18005C3C2E /* ChefCVCells */,
				0734CAEC27A0732C005C3C2E /* DishesCVCells */,
				0734CAE027A06507005C3C2E /* CategoryCVCells */,
			);
			path = CollectionViewCells;
			sourceTree = "<group>";
		};
		0734CAE027A06507005C3C2E /* CategoryCVCells */ = {
			isa = PBXGroup;
			children = (
				0734CAE127A06524005C3C2E /* CategoryCVCell.swift */,
				0734CAE227A06524005C3C2E /* CategoryCVCell.xib */,
			);
			path = CategoryCVCells;
			sourceTree = "<group>";
		};
		0734CAE927A0689D005C3C2E /* CardView */ = {
			isa = PBXGroup;
			children = (
				0734CAEA27A068B2005C3C2E /* CardView.swift */,
			);
			path = CardView;
			sourceTree = "<group>";
		};
		0734CAEC27A0732C005C3C2E /* DishesCVCells */ = {
			isa = PBXGroup;
			children = (
				0734CAED27A07352005C3C2E /* DishesCVCell.swift */,
				0734CAEE27A07352005C3C2E /* DishesCVCell.xib */,
			);
			path = DishesCVCells;
			sourceTree = "<group>";
		};
		0734CAF327A07C18005C3C2E /* ChefCVCells */ = {
			isa = PBXGroup;
			children = (
				0734CAF427A07C38005C3C2E /* ChefsCVCell.swift */,
				0734CAF527A07C38005C3C2E /* ChefsCVCell.xib */,
			);
			path = ChefCVCells;
			sourceTree = "<group>";
		};
		074A93AA27AE50170014C581 /* DishFullDetails */ = {
			isa = PBXGroup;
			children = (
				074A93AB27AE505D0014C581 /* DishDetailedVC.swift */,
			);
			path = DishFullDetails;
			sourceTree = "<group>";
		};
		074A93AF27AE5A730014C581 /* TableViewCells */ = {
			isa = PBXGroup;
			children = (
				074A93B027AE5A800014C581 /* DishListTVCell */,
			);
			path = TableViewCells;
			sourceTree = "<group>";
		};
		074A93B027AE5A800014C581 /* DishListTVCell */ = {
			isa = PBXGroup;
			children = (
				074A93B127AE5AAF0014C581 /* DishListTVCell.swift */,
				074A93B227AE5AAF0014C581 /* DishListTVCell.xib */,
			);
			path = DishListTVCell;
			sourceTree = "<group>";
		};
		074A93B527AE5E630014C581 /* CategoryList */ = {
			isa = PBXGroup;
			children = (
				074A93B627AE5EB60014C581 /* CategoryListVC.swift */,
			);
			path = CategoryList;
			sourceTree = "<group>";
		};
		074A93BA27AE65160014C581 /* OrderList */ = {
			isa = PBXGroup;
			children = (
				074A93B827AE650E0014C581 /* OrderListVC.swift */,
			);
			path = OrderList;
			sourceTree = "<group>";
		};
		074A93BD27AE6E8B0014C581 /* Networking */ = {
			isa = PBXGroup;
			children = (
				074A93BE27AE6EB00014C581 /* NetworkService.swift */,
				074A93C227AE72360014C581 /* Route.swift */,
				074A93C027AE71E50014C581 /* Methods.swift */,
				074A93C427AE7BD50014C581 /* AppError.swift */,
			);
			path = Networking;
			sourceTree = "<group>";
		};
		079D3FAF27A03BE9007EFD37 = {
			isa = PBXGroup;
			children = (
				079D3FBA27A03BE9007EFD37 /* Magic Meal */,
				079D3FB927A03BE9007EFD37 /* Products */,
				F3DD66297D7E88120CFB41B6 /* Pods */,
				6F46218F8CE247E2DFDAA7A4 /* Frameworks */,
			);
			sourceTree = "<group>";
		};
		079D3FB927A03BE9007EFD37 /* Products */ = {
			isa = PBXGroup;
			children = (
				079D3FB827A03BE9007EFD37 /* Magic Meal.app */,
			);
			name = Products;
			sourceTree = "<group>";
		};
		079D3FBA27A03BE9007EFD37 /* Magic Meal */ = {
			isa = PBXGroup;
			children = (
				074A93BD27AE6E8B0014C581 /* Networking */,
				0734CAD527A04CA2005C3C2E /* Extensions */,
				0734CAD127A04BEC005C3C2E /* CustomViews */,
				0734CACF27A04BCF005C3C2E /* Views */,
				0734CACE27A04BC3005C3C2E /* Models */,
				079D3FBB27A03BE9007EFD37 /* AppDelegate.swift */,
				079D3FBD27A03BE9007EFD37 /* SceneDelegate.swift */,
				079D3FC127A03BE9007EFD37 /* Main.storyboard */,
				079D3FC427A03BEE007EFD37 /* Assets.xcassets */,
				079D3FC627A03BEE007EFD37 /* LaunchScreen.storyboard */,
				079D3FC927A03BEE007EFD37 /* Info.plist */,
			);
			path = "Magic Meal";
			sourceTree = "<group>";
		};
		6F46218F8CE247E2DFDAA7A4 /* Frameworks */ = {
			isa = PBXGroup;
			children = (
				9D53072E156DD9BB9AFA7F34 /* Pods_Magic_Meal.framework */,
			);
			name = Frameworks;
			sourceTree = "<group>";
		};
		F3DD66297D7E88120CFB41B6 /* Pods */ = {
			isa = PBXGroup;
			children = (
				D5FFB8CB7C01DE7110554536 /* Pods-Magic Meal.debug.xcconfig */,
				E2D57CD2769E38DE0A0991BC /* Pods-Magic Meal.release.xcconfig */,
			);
			path = Pods;
			sourceTree = "<group>";
		};
/* End PBXGroup section */

/* Begin PBXNativeTarget section */
		079D3FB727A03BE9007EFD37 /* Magic Meal */ = {
			isa = PBXNativeTarget;
			buildConfigurationList = 079D3FCC27A03BEE007EFD37 /* Build configuration list for PBXNativeTarget "Magic Meal" */;
			buildPhases = (
				0CC2CB9CE588969DFB50E3DF /* [CP] Check Pods Manifest.lock */,
				079D3FB427A03BE9007EFD37 /* Sources */,
				079D3FB527A03BE9007EFD37 /* Frameworks */,
				079D3FB627A03BE9007EFD37 /* Resources */,
				C556219C7BEFDBE8A6693174 /* [CP] Embed Pods Frameworks */,
			);
			buildRules = (
			);
			dependencies = (
			);
			name = "Magic Meal";
			productName = "Magic Meal";
			productReference = 079D3FB827A03BE9007EFD37 /* Magic Meal.app */;
			productType = "com.apple.product-type.application";
		};
/* End PBXNativeTarget section */

/* Begin PBXProject section */
		079D3FB027A03BE9007EFD37 /* Project object */ = {
			isa = PBXProject;
			attributes = {
				BuildIndependentTargetsInParallel = 1;
				LastSwiftUpdateCheck = 1320;
				LastUpgradeCheck = 1320;
				TargetAttributes = {
					079D3FB727A03BE9007EFD37 = {
						CreatedOnToolsVersion = 13.2.1;
					};
				};
			};
			buildConfigurationList = 079D3FB327A03BE9007EFD37 /* Build configuration list for PBXProject "Magic Meal" */;
			compatibilityVersion = "Xcode 13.0";
			developmentRegion = en;
			hasScannedForEncodings = 0;
			knownRegions = (
				en,
				Base,
			);
			mainGroup = 079D3FAF27A03BE9007EFD37;
			productRefGroup = 079D3FB927A03BE9007EFD37 /* Products */;
			projectDirPath = "";
			projectRoot = "";
			targets = (
				079D3FB727A03BE9007EFD37 /* Magic Meal */,
			);
		};
/* End PBXProject section */

/* Begin PBXResourcesBuildPhase section */
		079D3FB627A03BE9007EFD37 /* Resources */ = {
			isa = PBXResourcesBuildPhase;
			buildActionMask = 2147483647;
			files = (
				0734CAF727A07C38005C3C2E /* ChefsCVCell.xib in Resources */,
				074A93B427AE5AAF0014C581 /* DishListTVCell.xib in Resources */,
				079D3FC827A03BEE007EFD37 /* LaunchScreen.storyboard in Resources */,
				079D3FC527A03BEE007EFD37 /* Assets.xcassets in Resources */,
				0734CAF027A07352005C3C2E /* DishesCVCell.xib in Resources */,
				0734CAE427A06524005C3C2E /* CategoryCVCell.xib in Resources */,
				079D3FC327A03BE9007EFD37 /* Main.storyboard in Resources */,
			);
			runOnlyForDeploymentPostprocessing = 0;
		};
/* End PBXResourcesBuildPhase section */

/* Begin PBXShellScriptBuildPhase section */
		0CC2CB9CE588969DFB50E3DF /* [CP] Check Pods Manifest.lock */ = {
			isa = PBXShellScriptBuildPhase;
			buildActionMask = 2147483647;
			files = (
			);
			inputFileListPaths = (
			);
			inputPaths = (
				"${PODS_PODFILE_DIR_PATH}/Podfile.lock",
				"${PODS_ROOT}/Manifest.lock",
			);
			name = "[CP] Check Pods Manifest.lock";
			outputFileListPaths = (
			);
			outputPaths = (
				"$(DERIVED_FILE_DIR)/Pods-Magic Meal-checkManifestLockResult.txt",
			);
			runOnlyForDeploymentPostprocessing = 0;
			shellPath = /bin/sh;
			shellScript = "diff \"${PODS_PODFILE_DIR_PATH}/Podfile.lock\" \"${PODS_ROOT}/Manifest.lock\" > /dev/null\nif [ $? != 0 ] ; then\n    # print error to STDERR\n    echo \"error: The sandbox is not in sync with the Podfile.lock. Run 'pod install' or update your CocoaPods installation.\" >&2\n    exit 1\nfi\n# This output is used by Xcode 'outputs' to avoid re-running this script phase.\necho \"SUCCESS\" > \"${SCRIPT_OUTPUT_FILE_0}\"\n";
			showEnvVarsInLog = 0;
		};
		C556219C7BEFDBE8A6693174 /* [CP] Embed Pods Frameworks */ = {
			isa = PBXShellScriptBuildPhase;
			buildActionMask = 2147483647;
			files = (
			);
			inputFileListPaths = (
				"${PODS_ROOT}/Target Support Files/Pods-Magic Meal/Pods-Magic Meal-frameworks-${CONFIGURATION}-input-files.xcfilelist",
			);
			name = "[CP] Embed Pods Frameworks";
			outputFileListPaths = (
				"${PODS_ROOT}/Target Support Files/Pods-Magic Meal/Pods-Magic Meal-frameworks-${CONFIGURATION}-output-files.xcfilelist",
			);
			runOnlyForDeploymentPostprocessing = 0;
			shellPath = /bin/sh;
			shellScript = "\"${PODS_ROOT}/Target Support Files/Pods-Magic Meal/Pods-Magic Meal-frameworks.sh\"\n";
			showEnvVarsInLog = 0;
		};
/* End PBXShellScriptBuildPhase section */

/* Begin PBXSourcesBuildPhase section */
		079D3FB427A03BE9007EFD37 /* Sources */ = {
			isa = PBXSourcesBuildPhase;
			buildActionMask = 2147483647;
			files = (
				074A93AE27AE51F00014C581 /* UIViewController+Extension.swift in Sources */,
				0734CAF627A07C38005C3C2E /* ChefsCVCell.swift in Sources */,
				074A93BC27AE65D20014C581 /* Order.swift in Sources */,
				079D3FC027A03BE9007EFD37 /* OnboardingVC.swift in Sources */,
				0734CADE27A06150005C3C2E /* HomeVC.swift in Sources */,
				0734CADB27A0558F005C3C2E /* OnboardingCVCell.swift in Sources */,
				079D3FBC27A03BE9007EFD37 /* AppDelegate.swift in Sources */,
				0734CAD727A04CC0005C3C2E /* UIView+Extension.swift in Sources */,
				0734CAD927A04D9C005C3C2E /* OnboardingSlide.swift in Sources */,
				074A93C327AE72360014C581 /* Route.swift in Sources */,
				074A93B727AE5EB60014C581 /* CategoryListVC.swift in Sources */,
				0734CAE327A06524005C3C2E /* CategoryCVCell.swift in Sources */,
				0734CAE627A0661E005C3C2E /* DishCategory.swift in Sources */,
				0734CAE827A066A3005C3C2E /* String+Extension.swift in Sources */,
				074A93BF27AE6EB00014C581 /* NetworkService.swift in Sources */,
				0734CAEB27A068B2005C3C2E /* CardView.swift in Sources */,
				0734CAEF27A07352005C3C2E /* DishesCVCell.swift in Sources */,
				074A93AC27AE505D0014C581 /* DishDetailedVC.swift in Sources */,
				0734CAF227A07598005C3C2E /* Dish.swift in Sources */,
				074A93C127AE71E50014C581 /* Methods.swift in Sources */,
				074A93C527AE7BD50014C581 /* AppError.swift in Sources */,
				074A93B327AE5AAF0014C581 /* DishListTVCell.swift in Sources */,
				074A93B927AE650E0014C581 /* OrderListVC.swift in Sources */,
				079D3FBE27A03BE9007EFD37 /* SceneDelegate.swift in Sources */,
			);
			runOnlyForDeploymentPostprocessing = 0;
		};
/* End PBXSourcesBuildPhase section */

/* Begin PBXVariantGroup section */
		079D3FC127A03BE9007EFD37 /* Main.storyboard */ = {
			isa = PBXVariantGroup;
			children = (
				079D3FC227A03BE9007EFD37 /* Base */,
			);
			name = Main.storyboard;
			sourceTree = "<group>";
		};
		079D3FC627A03BEE007EFD37 /* LaunchScreen.storyboard */ = {
			isa = PBXVariantGroup;
			children = (
				079D3FC727A03BEE007EFD37 /* Base */,
			);
			name = LaunchScreen.storyboard;
			sourceTree = "<group>";
		};
/* End PBXVariantGroup section */

/* Begin XCBuildConfiguration section */
		079D3FCA27A03BEE007EFD37 /* Debug */ = {
			isa = XCBuildConfiguration;
			buildSettings = {
				ALWAYS_SEARCH_USER_PATHS = NO;
				CLANG_ANALYZER_NONNULL = YES;
				CLANG_ANALYZER_NUMBER_OBJECT_CONVERSION = YES_AGGRESSIVE;
				CLANG_CXX_LANGUAGE_STANDARD = "gnu++17";
				CLANG_CXX_LIBRARY = "libc++";
				CLANG_ENABLE_MODULES = YES;
				CLANG_ENABLE_OBJC_ARC = YES;
				CLANG_ENABLE_OBJC_WEAK = YES;
				CLANG_WARN_BLOCK_CAPTURE_AUTORELEASING = YES;
				CLANG_WARN_BOOL_CONVERSION = YES;
				CLANG_WARN_COMMA = YES;
				CLANG_WARN_CONSTANT_CONVERSION = YES;
				CLANG_WARN_DEPRECATED_OBJC_IMPLEMENTATIONS = YES;
				CLANG_WARN_DIRECT_OBJC_ISA_USAGE = YES_ERROR;
				CLANG_WARN_DOCUMENTATION_COMMENTS = YES;
				CLANG_WARN_EMPTY_BODY = YES;
				CLANG_WARN_ENUM_CONVERSION = YES;
				CLANG_WARN_INFINITE_RECURSION = YES;
				CLANG_WARN_INT_CONVERSION = YES;
				CLANG_WARN_NON_LITERAL_NULL_CONVERSION = YES;
				CLANG_WARN_OBJC_IMPLICIT_RETAIN_SELF = YES;
				CLANG_WARN_OBJC_LITERAL_CONVERSION = YES;
				CLANG_WARN_OBJC_ROOT_CLASS = YES_ERROR;
				CLANG_WARN_QUOTED_INCLUDE_IN_FRAMEWORK_HEADER = YES;
				CLANG_WARN_RANGE_LOOP_ANALYSIS = YES;
				CLANG_WARN_STRICT_PROTOTYPES = YES;
				CLANG_WARN_SUSPICIOUS_MOVE = YES;
				CLANG_WARN_UNGUARDED_AVAILABILITY = YES_AGGRESSIVE;
				CLANG_WARN_UNREACHABLE_CODE = YES;
				CLANG_WARN__DUPLICATE_METHOD_MATCH = YES;
				COPY_PHASE_STRIP = NO;
				DEBUG_INFORMATION_FORMAT = dwarf;
				ENABLE_STRICT_OBJC_MSGSEND = YES;
				ENABLE_TESTABILITY = YES;
				GCC_C_LANGUAGE_STANDARD = gnu11;
				GCC_DYNAMIC_NO_PIC = NO;
				GCC_NO_COMMON_BLOCKS = YES;
				GCC_OPTIMIZATION_LEVEL = 0;
				GCC_PREPROCESSOR_DEFINITIONS = (
					"DEBUG=1",
					"$(inherited)",
				);
				GCC_WARN_64_TO_32_BIT_CONVERSION = YES;
				GCC_WARN_ABOUT_RETURN_TYPE = YES_ERROR;
				GCC_WARN_UNDECLARED_SELECTOR = YES;
				GCC_WARN_UNINITIALIZED_AUTOS = YES_AGGRESSIVE;
				GCC_WARN_UNUSED_FUNCTION = YES;
				GCC_WARN_UNUSED_VARIABLE = YES;
				IPHONEOS_DEPLOYMENT_TARGET = 15.2;
				MTL_ENABLE_DEBUG_INFO = INCLUDE_SOURCE;
				MTL_FAST_MATH = YES;
				ONLY_ACTIVE_ARCH = YES;
				SDKROOT = iphoneos;
				SWIFT_ACTIVE_COMPILATION_CONDITIONS = DEBUG;
				SWIFT_OPTIMIZATION_LEVEL = "-Onone";
			};
			name = Debug;
		};
		079D3FCB27A03BEE007EFD37 /* Release */ = {
			isa = XCBuildConfiguration;
			buildSettings = {
				ALWAYS_SEARCH_USER_PATHS = NO;
				CLANG_ANALYZER_NONNULL = YES;
				CLANG_ANALYZER_NUMBER_OBJECT_CONVERSION = YES_AGGRESSIVE;
				CLANG_CXX_LANGUAGE_STANDARD = "gnu++17";
				CLANG_CXX_LIBRARY = "libc++";
				CLANG_ENABLE_MODULES = YES;
				CLANG_ENABLE_OBJC_ARC = YES;
				CLANG_ENABLE_OBJC_WEAK = YES;
				CLANG_WARN_BLOCK_CAPTURE_AUTORELEASING = YES;
				CLANG_WARN_BOOL_CONVERSION = YES;
				CLANG_WARN_COMMA = YES;
				CLANG_WARN_CONSTANT_CONVERSION = YES;
				CLANG_WARN_DEPRECATED_OBJC_IMPLEMENTATIONS = YES;
				CLANG_WARN_DIRECT_OBJC_ISA_USAGE = YES_ERROR;
				CLANG_WARN_DOCUMENTATION_COMMENTS = YES;
				CLANG_WARN_EMPTY_BODY = YES;
				CLANG_WARN_ENUM_CONVERSION = YES;
				CLANG_WARN_INFINITE_RECURSION = YES;
				CLANG_WARN_INT_CONVERSION = YES;
				CLANG_WARN_NON_LITERAL_NULL_CONVERSION = YES;
				CLANG_WARN_OBJC_IMPLICIT_RETAIN_SELF = YES;
				CLANG_WARN_OBJC_LITERAL_CONVERSION = YES;
				CLANG_WARN_OBJC_ROOT_CLASS = YES_ERROR;
				CLANG_WARN_QUOTED_INCLUDE_IN_FRAMEWORK_HEADER = YES;
				CLANG_WARN_RANGE_LOOP_ANALYSIS = YES;
				CLANG_WARN_STRICT_PROTOTYPES = YES;
				CLANG_WARN_SUSPICIOUS_MOVE = YES;
				CLANG_WARN_UNGUARDED_AVAILABILITY = YES_AGGRESSIVE;
				CLANG_WARN_UNREACHABLE_CODE = YES;
				CLANG_WARN__DUPLICATE_METHOD_MATCH = YES;
				COPY_PHASE_STRIP = NO;
				DEBUG_INFORMATION_FORMAT = "dwarf-with-dsym";
				ENABLE_NS_ASSERTIONS = NO;
				ENABLE_STRICT_OBJC_MSGSEND = YES;
				GCC_C_LANGUAGE_STANDARD = gnu11;
				GCC_NO_COMMON_BLOCKS = YES;
				GCC_WARN_64_TO_32_BIT_CONVERSION = YES;
				GCC_WARN_ABOUT_RETURN_TYPE = YES_ERROR;
				GCC_WARN_UNDECLARED_SELECTOR = YES;
				GCC_WARN_UNINITIALIZED_AUTOS = YES_AGGRESSIVE;
				GCC_WARN_UNUSED_FUNCTION = YES;
				GCC_WARN_UNUSED_VARIABLE = YES;
				IPHONEOS_DEPLOYMENT_TARGET = 15.2;
				MTL_ENABLE_DEBUG_INFO = NO;
				MTL_FAST_MATH = YES;
				SDKROOT = iphoneos;
				SWIFT_COMPILATION_MODE = wholemodule;
				SWIFT_OPTIMIZATION_LEVEL = "-O";
				VALIDATE_PRODUCT = YES;
			};
			name = Release;
		};
		079D3FCD27A03BEE007EFD37 /* Debug */ = {
			isa = XCBuildConfiguration;
			baseConfigurationReference = D5FFB8CB7C01DE7110554536 /* Pods-Magic Meal.debug.xcconfig */;
			buildSettings = {
				ASSETCATALOG_COMPILER_APPICON_NAME = AppIcon;
				ASSETCATALOG_COMPILER_GLOBAL_ACCENT_COLOR_NAME = AccentColor;
				CODE_SIGN_STYLE = Automatic;
				CURRENT_PROJECT_VERSION = 1;
				DEVELOPMENT_TEAM = QT6R94UDXV;
				GENERATE_INFOPLIST_FILE = YES;
				INFOPLIST_FILE = "Magic Meal/Info.plist";
				INFOPLIST_KEY_UIApplicationSupportsIndirectInputEvents = YES;
				INFOPLIST_KEY_UILaunchStoryboardName = LaunchScreen;
				INFOPLIST_KEY_UIMainStoryboardFile = Main;
				INFOPLIST_KEY_UISupportedInterfaceOrientations_iPad = "UIInterfaceOrientationPortrait UIInterfaceOrientationPortraitUpsideDown UIInterfaceOrientationLandscapeLeft UIInterfaceOrientationLandscapeRight";
				INFOPLIST_KEY_UISupportedInterfaceOrientations_iPhone = "UIInterfaceOrientationPortrait UIInterfaceOrientationLandscapeLeft UIInterfaceOrientationLandscapeRight";
				IPHONEOS_DEPLOYMENT_TARGET = 13.0;
				LD_RUNPATH_SEARCH_PATHS = (
					"$(inherited)",
					"@executable_path/Frameworks",
				);
				MARKETING_VERSION = 1.0;
				PRODUCT_BUNDLE_IDENTIFIER = "com.example.Magic-Meal";
				PRODUCT_NAME = "$(TARGET_NAME)";
				SWIFT_EMIT_LOC_STRINGS = YES;
				SWIFT_VERSION = 5.0;
				TARGETED_DEVICE_FAMILY = "1,2";
			};
			name = Debug;
		};
		079D3FCE27A03BEE007EFD37 /* Release */ = {
			isa = XCBuildConfiguration;
			baseConfigurationReference = E2D57CD2769E38DE0A0991BC /* Pods-Magic Meal.release.xcconfig */;
			buildSettings = {
				ASSETCATALOG_COMPILER_APPICON_NAME = AppIcon;
				ASSETCATALOG_COMPILER_GLOBAL_ACCENT_COLOR_NAME = AccentColor;
				CODE_SIGN_STYLE = Automatic;
				CURRENT_PROJECT_VERSION = 1;
				DEVELOPMENT_TEAM = QT6R94UDXV;
				GENERATE_INFOPLIST_FILE = YES;
				INFOPLIST_FILE = "Magic Meal/Info.plist";
				INFOPLIST_KEY_UIApplicationSupportsIndirectInputEvents = YES;
				INFOPLIST_KEY_UILaunchStoryboardName = LaunchScreen;
				INFOPLIST_KEY_UIMainStoryboardFile = Main;
				INFOPLIST_KEY_UISupportedInterfaceOrientations_iPad = "UIInterfaceOrientationPortrait UIInterfaceOrientationPortraitUpsideDown UIInterfaceOrientationLandscapeLeft UIInterfaceOrientationLandscapeRight";
				INFOPLIST_KEY_UISupportedInterfaceOrientations_iPhone = "UIInterfaceOrientationPortrait UIInterfaceOrientationLandscapeLeft UIInterfaceOrientationLandscapeRight";
				IPHONEOS_DEPLOYMENT_TARGET = 13.0;
				LD_RUNPATH_SEARCH_PATHS = (
					"$(inherited)",
					"@executable_path/Frameworks",
				);
				MARKETING_VERSION = 1.0;
				PRODUCT_BUNDLE_IDENTIFIER = "com.example.Magic-Meal";
				PRODUCT_NAME = "$(TARGET_NAME)";
				SWIFT_EMIT_LOC_STRINGS = YES;
				SWIFT_VERSION = 5.0;
				TARGETED_DEVICE_FAMILY = "1,2";
			};
			name = Release;
		};
/* End XCBuildConfiguration section */

/* Begin XCConfigurationList section */
		079D3FB327A03BE9007EFD37 /* Build configuration list for PBXProject "Magic Meal" */ = {
			isa = XCConfigurationList;
			buildConfigurations = (
				079D3FCA27A03BEE007EFD37 /* Debug */,
				079D3FCB27A03BEE007EFD37 /* Release */,
			);
			defaultConfigurationIsVisible = 0;
			defaultConfigurationName = Release;
		};
		079D3FCC27A03BEE007EFD37 /* Build configuration list for PBXNativeTarget "Magic Meal" */ = {
			isa = XCConfigurationList;
			buildConfigurations = (
				079D3FCD27A03BEE007EFD37 /* Debug */,
				079D3FCE27A03BEE007EFD37 /* Release */,
			);
			defaultConfigurationIsVisible = 0;
			defaultConfigurationName = Release;
		};
/* End XCConfigurationList section */
	};
	rootObject = 079D3FB027A03BE9007EFD37 /* Project object */;
}
